// !$*UTF8*$!
{
	archiveVersion = 1;
	classes = {
	};
	objectVersion = 56;
	objects = {

/* Begin PBXBuildFile section */
		EA4C0A5A2BE6579F0067F4CB /* GakumasDanceApp.swift in Sources */ = {isa = PBXBuildFile; fileRef = EA4C0A592BE6579F0067F4CB /* GakumasDanceApp.swift */; };
		EA4C0A5E2BE6579F0067F4CB /* DanceLessonRoom.swift in Sources */ = {isa = PBXBuildFile; fileRef = EA4C0A5D2BE6579F0067F4CB /* DanceLessonRoom.swift */; };
		EA4C0A622BE657A00067F4CB /* Assets.xcassets in Resources */ = {isa = PBXBuildFile; fileRef = EA4C0A612BE657A00067F4CB /* Assets.xcassets */; };
		EA4C0A652BE657A00067F4CB /* Preview Assets.xcassets in Resources */ = {isa = PBXBuildFile; fileRef = EA4C0A642BE657A00067F4CB /* Preview Assets.xcassets */; };
		EA4C0A6D2BE65A850067F4CB /* Dialog.swift in Sources */ = {isa = PBXBuildFile; fileRef = EA4C0A6C2BE65A850067F4CB /* Dialog.swift */; };
		EA4C0A6F2BE65A8A0067F4CB /* YouTube.swift in Sources */ = {isa = PBXBuildFile; fileRef = EA4C0A6E2BE65A8A0067F4CB /* YouTube.swift */; };
		EA4C0A712BE65A8F0067F4CB /* ControlPanel.swift in Sources */ = {isa = PBXBuildFile; fileRef = EA4C0A702BE65A8F0067F4CB /* ControlPanel.swift */; };
		EA4C0A732BE6630D0067F4CB /* 【学マス】「360度」初星学園ツアー動画（特別教育棟 ダンスレッスン室）【アイドルマスター】 [rr1dfUET5Bs].mp4.hevc.mp4 in Resources */ = {isa = PBXBuildFile; fileRef = EA4C0A722BE6630D0067F4CB /* 【学マス】「360度」初星学園ツアー動画（特別教育棟 ダンスレッスン室）【アイドルマスター】 [rr1dfUET5Bs].mp4.hevc.mp4 */; };
/* End PBXBuildFile section */

/* Begin PBXFileReference section */
		EA4C0A522BE6579F0067F4CB /* GakumasDance.app */ = {isa = PBXFileReference; explicitFileType = wrapper.application; includeInIndex = 0; path = GakumasDance.app; sourceTree = BUILT_PRODUCTS_DIR; };
		EA4C0A592BE6579F0067F4CB /* GakumasDanceApp.swift */ = {isa = PBXFileReference; lastKnownFileType = sourcecode.swift; path = GakumasDanceApp.swift; sourceTree = "<group>"; };
		EA4C0A5D2BE6579F0067F4CB /* DanceLessonRoom.swift */ = {isa = PBXFileReference; lastKnownFileType = sourcecode.swift; path = DanceLessonRoom.swift; sourceTree = "<group>"; };
		EA4C0A612BE657A00067F4CB /* Assets.xcassets */ = {isa = PBXFileReference; lastKnownFileType = folder.assetcatalog; path = Assets.xcassets; sourceTree = "<group>"; };
		EA4C0A642BE657A00067F4CB /* Preview Assets.xcassets */ = {isa = PBXFileReference; lastKnownFileType = folder.assetcatalog; path = "Preview Assets.xcassets"; sourceTree = "<group>"; };
		EA4C0A662BE657A00067F4CB /* Info.plist */ = {isa = PBXFileReference; lastKnownFileType = text.plist.xml; path = Info.plist; sourceTree = "<group>"; };
		EA4C0A6C2BE65A850067F4CB /* Dialog.swift */ = {isa = PBXFileReference; lastKnownFileType = sourcecode.swift; path = Dialog.swift; sourceTree = "<group>"; };
		EA4C0A6E2BE65A8A0067F4CB /* YouTube.swift */ = {isa = PBXFileReference; lastKnownFileType = sourcecode.swift; path = YouTube.swift; sourceTree = "<group>"; };
		EA4C0A702BE65A8F0067F4CB /* ControlPanel.swift */ = {isa = PBXFileReference; lastKnownFileType = sourcecode.swift; path = ControlPanel.swift; sourceTree = "<group>"; };
		EA4C0A722BE6630D0067F4CB /* 【学マス】「360度」初星学園ツアー動画（特別教育棟 ダンスレッスン室）【アイドルマスター】 [rr1dfUET5Bs].mp4.hevc.mp4 */ = {isa = PBXFileReference; lastKnownFileType = file; path = "【学マス】「360度」初星学園ツアー動画（特別教育棟 ダンスレッスン室）【アイドルマスター】 [rr1dfUET5Bs].mp4.hevc.mp4"; sourceTree = "<group>"; };
		EA4C0A742BE66A170067F4CB /* README.md */ = {isa = PBXFileReference; lastKnownFileType = net.daringfireball.markdown; path = README.md; sourceTree = "<group>"; };
		EA4C0A752BE66A1F0067F4CB /* LICENSE */ = {isa = PBXFileReference; fileEncoding = 4; lastKnownFileType = text; path = LICENSE; sourceTree = "<group>"; };
/* End PBXFileReference section */

/* Begin PBXFrameworksBuildPhase section */
		EA4C0A4F2BE6579F0067F4CB /* Frameworks */ = {
			isa = PBXFrameworksBuildPhase;
			buildActionMask = 2147483647;
			files = (
			);
			runOnlyForDeploymentPostprocessing = 0;
		};
/* End PBXFrameworksBuildPhase section */

/* Begin PBXGroup section */
		EA4C0A492BE6579F0067F4CB = {
			isa = PBXGroup;
			children = (
				EA4C0A742BE66A170067F4CB /* README.md */,
				EA4C0A752BE66A1F0067F4CB /* LICENSE */,
				EA4C0A542BE6579F0067F4CB /* GakumasDance */,
				EA4C0A532BE6579F0067F4CB /* Products */,
			);
			sourceTree = "<group>";
		};
		EA4C0A532BE6579F0067F4CB /* Products */ = {
			isa = PBXGroup;
			children = (
				EA4C0A522BE6579F0067F4CB /* GakumasDance.app */,
			);
			name = Products;
			sourceTree = "<group>";
		};
		EA4C0A542BE6579F0067F4CB /* GakumasDance */ = {
			isa = PBXGroup;
			children = (
				EA4C0A592BE6579F0067F4CB /* GakumasDanceApp.swift */,
				EA4C0A5D2BE6579F0067F4CB /* DanceLessonRoom.swift */,
				EA4C0A6C2BE65A850067F4CB /* Dialog.swift */,
				EA4C0A6E2BE65A8A0067F4CB /* YouTube.swift */,
				EA4C0A702BE65A8F0067F4CB /* ControlPanel.swift */,
				EA4C0A722BE6630D0067F4CB /* 【学マス】「360度」初星学園ツアー動画（特別教育棟 ダンスレッスン室）【アイドルマスター】 [rr1dfUET5Bs].mp4.hevc.mp4 */,
				EA4C0A612BE657A00067F4CB /* Assets.xcassets */,
				EA4C0A662BE657A00067F4CB /* Info.plist */,
				EA4C0A632BE657A00067F4CB /* Preview Content */,
			);
			path = GakumasDance;
			sourceTree = "<group>";
		};
		EA4C0A632BE657A00067F4CB /* Preview Content */ = {
			isa = PBXGroup;
			children = (
				EA4C0A642BE657A00067F4CB /* Preview Assets.xcassets */,
			);
			path = "Preview Content";
			sourceTree = "<group>";
		};
/* End PBXGroup section */

/* Begin PBXNativeTarget section */
		EA4C0A512BE6579F0067F4CB /* GakumasDance */ = {
			isa = PBXNativeTarget;
			buildConfigurationList = EA4C0A692BE657A00067F4CB /* Build configuration list for PBXNativeTarget "GakumasDance" */;
			buildPhases = (
				EA4C0A4E2BE6579F0067F4CB /* Sources */,
				EA4C0A4F2BE6579F0067F4CB /* Frameworks */,
				EA4C0A502BE6579F0067F4CB /* Resources */,
			);
			buildRules = (
			);
			dependencies = (
			);
			name = GakumasDance;
			packageProductDependencies = (
			);
			productName = GakumasDance;
			productReference = EA4C0A522BE6579F0067F4CB /* GakumasDance.app */;
			productType = "com.apple.product-type.application";
		};
/* End PBXNativeTarget section */

/* Begin PBXProject section */
		EA4C0A4A2BE6579F0067F4CB /* Project object */ = {
			isa = PBXProject;
			attributes = {
				BuildIndependentTargetsInParallel = 1;
				LastSwiftUpdateCheck = 1540;
				LastUpgradeCheck = 1540;
				TargetAttributes = {
					EA4C0A512BE6579F0067F4CB = {
						CreatedOnToolsVersion = 15.4;
					};
				};
			};
			buildConfigurationList = EA4C0A4D2BE6579F0067F4CB /* Build configuration list for PBXProject "GakumasDance" */;
			compatibilityVersion = "Xcode 14.0";
			developmentRegion = en;
			hasScannedForEncodings = 0;
			knownRegions = (
				en,
				Base,
			);
			mainGroup = EA4C0A492BE6579F0067F4CB;
			productRefGroup = EA4C0A532BE6579F0067F4CB /* Products */;
			projectDirPath = "";
			projectRoot = "";
			targets = (
				EA4C0A512BE6579F0067F4CB /* GakumasDance */,
			);
		};
/* End PBXProject section */

/* Begin PBXResourcesBuildPhase section */
		EA4C0A502BE6579F0067F4CB /* Resources */ = {
			isa = PBXResourcesBuildPhase;
			buildActionMask = 2147483647;
			files = (
				EA4C0A622BE657A00067F4CB /* Assets.xcassets in Resources */,
				EA4C0A732BE6630D0067F4CB /* 【学マス】「360度」初星学園ツアー動画（特別教育棟 ダンスレッスン室）【アイドルマスター】 [rr1dfUET5Bs].mp4.hevc.mp4 in Resources */,
				EA4C0A652BE657A00067F4CB /* Preview Assets.xcassets in Resources */,
			);
			runOnlyForDeploymentPostprocessing = 0;
		};
/* End PBXResourcesBuildPhase section */

/* Begin PBXSourcesBuildPhase section */
		EA4C0A4E2BE6579F0067F4CB /* Sources */ = {
			isa = PBXSourcesBuildPhase;
			buildActionMask = 2147483647;
			files = (
				EA4C0A712BE65A8F0067F4CB /* ControlPanel.swift in Sources */,
				EA4C0A6F2BE65A8A0067F4CB /* YouTube.swift in Sources */,
				EA4C0A5A2BE6579F0067F4CB /* GakumasDanceApp.swift in Sources */,
				EA4C0A5E2BE6579F0067F4CB /* DanceLessonRoom.swift in Sources */,
				EA4C0A6D2BE65A850067F4CB /* Dialog.swift in Sources */,
			);
			runOnlyForDeploymentPostprocessing = 0;
		};
/* End PBXSourcesBuildPhase section */

/* Begin XCBuildConfiguration section */
		EA4C0A672BE657A00067F4CB /* Debug */ = {
			isa = XCBuildConfiguration;
			buildSettings = {
				ALWAYS_SEARCH_USER_PATHS = NO;
				ASSETCATALOG_COMPILER_GENERATE_SWIFT_ASSET_SYMBOL_EXTENSIONS = YES;
				CLANG_ANALYZER_NONNULL = YES;
				CLANG_ANALYZER_NUMBER_OBJECT_CONVERSION = YES_AGGRESSIVE;
				CLANG_CXX_LANGUAGE_STANDARD = "gnu++20";
				CLANG_ENABLE_MODULES = YES;
				CLANG_ENABLE_OBJC_ARC = YES;
				CLANG_ENABLE_OBJC_WEAK = YES;
				CLANG_WARN_BLOCK_CAPTURE_AUTORELEASING = YES;
				CLANG_WARN_BOOL_CONVERSION = YES;
				CLANG_WARN_COMMA = YES;
				CLANG_WARN_CONSTANT_CONVERSION = YES;
				CLANG_WARN_DEPRECATED_OBJC_IMPLEMENTATIONS = YES;
				CLANG_WARN_DIRECT_OBJC_ISA_USAGE = YES_ERROR;
				CLANG_WARN_DOCUMENTATION_COMMENTS = YES;
				CLANG_WARN_EMPTY_BODY = YES;
				CLANG_WARN_ENUM_CONVERSION = YES;
				CLANG_WARN_INFINITE_RECURSION = YES;
				CLANG_WARN_INT_CONVERSION = YES;
				CLANG_WARN_NON_LITERAL_NULL_CONVERSION = YES;
				CLANG_WARN_OBJC_IMPLICIT_RETAIN_SELF = YES;
				CLANG_WARN_OBJC_LITERAL_CONVERSION = YES;
				CLANG_WARN_OBJC_ROOT_CLASS = YES_ERROR;
				CLANG_WARN_QUOTED_INCLUDE_IN_FRAMEWORK_HEADER = YES;
				CLANG_WARN_RANGE_LOOP_ANALYSIS = YES;
				CLANG_WARN_STRICT_PROTOTYPES = YES;
				CLANG_WARN_SUSPICIOUS_MOVE = YES;
				CLANG_WARN_UNGUARDED_AVAILABILITY = YES_AGGRESSIVE;
				CLANG_WARN_UNREACHABLE_CODE = YES;
				CLANG_WARN__DUPLICATE_METHOD_MATCH = YES;
				COPY_PHASE_STRIP = NO;
				DEBUG_INFORMATION_FORMAT = dwarf;
				ENABLE_STRICT_OBJC_MSGSEND = YES;
				ENABLE_TESTABILITY = YES;
				ENABLE_USER_SCRIPT_SANDBOXING = YES;
				GCC_C_LANGUAGE_STANDARD = gnu17;
				GCC_DYNAMIC_NO_PIC = NO;
				GCC_NO_COMMON_BLOCKS = YES;
				GCC_OPTIMIZATION_LEVEL = 0;
				GCC_PREPROCESSOR_DEFINITIONS = (
					"DEBUG=1",
					"$(inherited)",
				);
				GCC_WARN_64_TO_32_BIT_CONVERSION = YES;
				GCC_WARN_ABOUT_RETURN_TYPE = YES_ERROR;
				GCC_WARN_UNDECLARED_SELECTOR = YES;
				GCC_WARN_UNINITIALIZED_AUTOS = YES_AGGRESSIVE;
				GCC_WARN_UNUSED_FUNCTION = YES;
				GCC_WARN_UNUSED_VARIABLE = YES;
				LOCALIZATION_PREFERS_STRING_CATALOGS = YES;
				MTL_ENABLE_DEBUG_INFO = INCLUDE_SOURCE;
				MTL_FAST_MATH = YES;
				ONLY_ACTIVE_ARCH = YES;
				SDKROOT = xros;
				SWIFT_ACTIVE_COMPILATION_CONDITIONS = "DEBUG $(inherited)";
				SWIFT_OPTIMIZATION_LEVEL = "-Onone";
				XROS_DEPLOYMENT_TARGET = 1.2;
			};
			name = Debug;
		};
		EA4C0A682BE657A00067F4CB /* Release */ = {
			isa = XCBuildConfiguration;
			buildSettings = {
				ALWAYS_SEARCH_USER_PATHS = NO;
				ASSETCATALOG_COMPILER_GENERATE_SWIFT_ASSET_SYMBOL_EXTENSIONS = YES;
				CLANG_ANALYZER_NONNULL = YES;
				CLANG_ANALYZER_NUMBER_OBJECT_CONVERSION = YES_AGGRESSIVE;
				CLANG_CXX_LANGUAGE_STANDARD = "gnu++20";
				CLANG_ENABLE_MODULES = YES;
				CLANG_ENABLE_OBJC_ARC = YES;
				CLANG_ENABLE_OBJC_WEAK = YES;
				CLANG_WARN_BLOCK_CAPTURE_AUTORELEASING = YES;
				CLANG_WARN_BOOL_CONVERSION = YES;
				CLANG_WARN_COMMA = YES;
				CLANG_WARN_CONSTANT_CONVERSION = YES;
				CLANG_WARN_DEPRECATED_OBJC_IMPLEMENTATIONS = YES;
				CLANG_WARN_DIRECT_OBJC_ISA_USAGE = YES_ERROR;
				CLANG_WARN_DOCUMENTATION_COMMENTS = YES;
				CLANG_WARN_EMPTY_BODY = YES;
				CLANG_WARN_ENUM_CONVERSION = YES;
				CLANG_WARN_INFINITE_RECURSION = YES;
				CLANG_WARN_INT_CONVERSION = YES;
				CLANG_WARN_NON_LITERAL_NULL_CONVERSION = YES;
				CLANG_WARN_OBJC_IMPLICIT_RETAIN_SELF = YES;
				CLANG_WARN_OBJC_LITERAL_CONVERSION = YES;
				CLANG_WARN_OBJC_ROOT_CLASS = YES_ERROR;
				CLANG_WARN_QUOTED_INCLUDE_IN_FRAMEWORK_HEADER = YES;
				CLANG_WARN_RANGE_LOOP_ANALYSIS = YES;
				CLANG_WARN_STRICT_PROTOTYPES = YES;
				CLANG_WARN_SUSPICIOUS_MOVE = YES;
				CLANG_WARN_UNGUARDED_AVAILABILITY = YES_AGGRESSIVE;
				CLANG_WARN_UNREACHABLE_CODE = YES;
				CLANG_WARN__DUPLICATE_METHOD_MATCH = YES;
				COPY_PHASE_STRIP = NO;
				DEBUG_INFORMATION_FORMAT = "dwarf-with-dsym";
				ENABLE_NS_ASSERTIONS = NO;
				ENABLE_STRICT_OBJC_MSGSEND = YES;
				ENABLE_USER_SCRIPT_SANDBOXING = YES;
				GCC_C_LANGUAGE_STANDARD = gnu17;
				GCC_NO_COMMON_BLOCKS = YES;
				GCC_WARN_64_TO_32_BIT_CONVERSION = YES;
				GCC_WARN_ABOUT_RETURN_TYPE = YES_ERROR;
				GCC_WARN_UNDECLARED_SELECTOR = YES;
				GCC_WARN_UNINITIALIZED_AUTOS = YES_AGGRESSIVE;
				GCC_WARN_UNUSED_FUNCTION = YES;
				GCC_WARN_UNUSED_VARIABLE = YES;
				LOCALIZATION_PREFERS_STRING_CATALOGS = YES;
				MTL_ENABLE_DEBUG_INFO = NO;
				MTL_FAST_MATH = YES;
				SDKROOT = xros;
				SWIFT_COMPILATION_MODE = wholemodule;
				VALIDATE_PRODUCT = YES;
				XROS_DEPLOYMENT_TARGET = 1.2;
			};
			name = Release;
		};
		EA4C0A6A2BE657A00067F4CB /* Debug */ = {
			isa = XCBuildConfiguration;
			buildSettings = {
				ASSETCATALOG_COMPILER_APPICON_NAME = AppIcon;
				ASSETCATALOG_COMPILER_GLOBAL_ACCENT_COLOR_NAME = AccentColor;
				CODE_SIGN_STYLE = Automatic;
				CURRENT_PROJECT_VERSION = 1;
				DEVELOPMENT_ASSET_PATHS = "\"GakumasDance/Preview Content\"";
				DEVELOPMENT_TEAM = FPZK4WRGW7;
				ENABLE_PREVIEWS = YES;
				GENERATE_INFOPLIST_FILE = YES;
				INFOPLIST_FILE = "$(TARGET_NAME)/Info.plist";
				LD_RUNPATH_SEARCH_PATHS = (
					"$(inherited)",
					"@executable_path/Frameworks",
				);
				MARKETING_VERSION = 1.0;
				PRODUCT_BUNDLE_IDENTIFIER = jp.banjun.exp.GakumasDance;
				PRODUCT_NAME = "$(TARGET_NAME)";
				SUPPORTED_PLATFORMS = "xros xrsimulator";
				SWIFT_EMIT_LOC_STRINGS = YES;
				SWIFT_VERSION = 5.0;
				TARGETED_DEVICE_FAMILY = "1,2,7";
				XROS_DEPLOYMENT_TARGET = 1.1;
			};
			name = Debug;
		};
		EA4C0A6B2BE657A00067F4CB /* Release */ = {
			isa = XCBuildConfiguration;
			buildSettings = {
				ASSETCATALOG_COMPILER_APPICON_NAME = AppIcon;
				ASSETCATALOG_COMPILER_GLOBAL_ACCENT_COLOR_NAME = AccentColor;
				CODE_SIGN_STYLE = Automatic;
				CURRENT_PROJECT_VERSION = 1;
				DEVELOPMENT_ASSET_PATHS = "\"GakumasDance/Preview Content\"";
				DEVELOPMENT_TEAM = FPZK4WRGW7;
				ENABLE_PREVIEWS = YES;
				GENERATE_INFOPLIST_FILE = YES;
				INFOPLIST_FILE = "$(TARGET_NAME)/Info.plist";
				LD_RUNPATH_SEARCH_PATHS = (
					"$(inherited)",
					"@executable_path/Frameworks",
				);
				MARKETING_VERSION = 1.0;
				PRODUCT_BUNDLE_IDENTIFIER = jp.banjun.exp.GakumasDance;
				PRODUCT_NAME = "$(TARGET_NAME)";
				SUPPORTED_PLATFORMS = "xros xrsimulator";
				SWIFT_EMIT_LOC_STRINGS = YES;
				SWIFT_VERSION = 5.0;
				TARGETED_DEVICE_FAMILY = "1,2,7";
				XROS_DEPLOYMENT_TARGET = 1.1;
			};
			name = Release;
		};
/* End XCBuildConfiguration section */

/* Begin XCConfigurationList section */
		EA4C0A4D2BE6579F0067F4CB /* Build configuration list for PBXProject "GakumasDance" */ = {
			isa = XCConfigurationList;
			buildConfigurations = (
				EA4C0A672BE657A00067F4CB /* Debug */,
				EA4C0A682BE657A00067F4CB /* Release */,
			);
			defaultConfigurationIsVisible = 0;
			defaultConfigurationName = Release;
		};
		EA4C0A692BE657A00067F4CB /* Build configuration list for PBXNativeTarget "GakumasDance" */ = {
			isa = XCConfigurationList;
			buildConfigurations = (
				EA4C0A6A2BE657A00067F4CB /* Debug */,
				EA4C0A6B2BE657A00067F4CB /* Release */,
			);
			defaultConfigurationIsVisible = 0;
			defaultConfigurationName = Release;
		};
/* End XCConfigurationList section */
	};
	rootObject = EA4C0A4A2BE6579F0067F4CB /* Project object */;
}
